<?xml version="1.0" encoding="utf-8"?>
<Project ToolsVersion="4.0" xmlns="http://schemas.microsoft.com/developer/msbuild/2003">
  <ItemGroup>
    <ClCompile Include="main.cpp" />
    <ClCompile Include="array.cpp">
      <Filter>array</Filter>
    </ClCompile>
  </ItemGroup>
  <ItemGroup>
    <Filter Include="array">
      <UniqueIdentifier>{8af503c3-fb30-45cb-85d1-c43aca26924c}</UniqueIdentifier>
    </Filter>
  </ItemGroup>
  <ItemGroup>
    <ClInclude Include="array.h">
      <Filter>array</Filter>
    </ClInclude>
  </ItemGroup>
</Project>